
Microsoft Visual Studio Solution File, Format Version 12.00
# Visual Studio 15
Project("{FAE04EC0-301F-11D3-BF4B-00C04F79EFBC}") = "PlayFab", "PlayFab.csproj", "{D1C076DA-4A85-FD8D-F1BA-5C2C2A2A80D7}"
EndProject
Project("{FAE04EC0-301F-11D3-BF4B-00C04F79EFBC}") = "Assembly-CSharp", "Assembly-CSharp.csproj", "{1CD08F21-F5E3-300C-6AB0-5C2405AE254E}"
EndProject
Project("{FAE04EC0-301F-11D3-BF4B-00C04F79EFBC}") = "PlayFabEditorExtensions", "PlayFabEditorExtensions.csproj", "{609931D5-46F2-CD37-0D3B-07CEFBBF277E}"
EndProject
Project("{FAE04EC0-301F-11D3-BF4B-00C04F79EFBC}") = "PlayFabSDKEditor", "PlayFabSDKEditor.csproj", "{FEE2793A-3775-8A6E-BC04-AE413C8A3C49}"
EndProject
Global
	GlobalSection(SolutionConfigurationPlatforms) = preSolution
		Debug|Any CPU = Debug|Any CPU
		Release|Any CPU = Release|Any CPU
	EndGlobalSection
	GlobalSection(ProjectConfigurationPlatforms) = postSolution
		{D1C076DA-4A85-FD8D-F1BA-5C2C2A2A80D7}.Debug|Any CPU.ActiveCfg = Debug|Any CPU
		{D1C076DA-4A85-FD8D-F1BA-5C2C2A2A80D7}.Debug|Any CPU.Build.0 = Debug|Any CPU
		{D1C076DA-4A85-FD8D-F1BA-5C2C2A2A80D7}.Release|Any CPU.ActiveCfg = Release|Any CPU
		{D1C076DA-4A85-FD8D-F1BA-5C2C2A2A80D7}.Release|Any CPU.Build.0 = Release|Any CPU
		{1CD08F21-F5E3-300C-6AB0-5C2405AE254E}.Debug|Any CPU.ActiveCfg = Debug|Any CPU
		{1CD08F21-F5E3-300C-6AB0-5C2405AE254E}.Debug|Any CPU.Build.0 = Debug|Any CPU
		{1CD08F21-F5E3-300C-6AB0-5C2405AE254E}.Release|Any CPU.ActiveCfg = Release|Any CPU
		{1CD08F21-F5E3-300C-6AB0-5C2405AE254E}.Release|Any CPU.Build.0 = Release|Any CPU
		{609931D5-46F2-CD37-0D3B-07CEFBBF277E}.Debug|Any CPU.ActiveCfg = Debug|Any CPU
		{609931D5-46F2-CD37-0D3B-07CEFBBF277E}.Debug|Any CPU.Build.0 = Debug|Any CPU
		{609931D5-46F2-CD37-0D3B-07CEFBBF277E}.Release|Any CPU.ActiveCfg = Release|Any CPU
		{609931D5-46F2-CD37-0D3B-07CEFBBF277E}.Release|Any CPU.Build.0 = Release|Any CPU
		{FEE2793A-3775-8A6E-BC04-AE413C8A3C49}.Debug|Any CPU.ActiveCfg = Debug|Any CPU
		{FEE2793A-3775-8A6E-BC04-AE413C8A3C49}.Debug|Any CPU.Build.0 = Debug|Any CPU
		{FEE2793A-3775-8A6E-BC04-AE413C8A3C49}.Release|Any CPU.ActiveCfg = Release|Any CPU
		{FEE2793A-3775-8A6E-BC04-AE413C8A3C49}.Release|Any CPU.Build.0 = Release|Any CPU
	EndGlobalSection
	GlobalSection(SolutionProperties) = preSolution
		HideSolutionNode = FALSE
	EndGlobalSection
EndGlobal
